
Microsoft Visual Studio Solution File, Format Version 12.00
# Visual Studio 15
VisualStudioVersion = 15.0.28307.421
MinimumVisualStudioVersion = 10.0.40219.1
Project("{FAE04EC0-301F-11D3-BF4B-00C04F79EFBC}") = "Jogo_Pedra_Papel_Tesoura", "Jogo_Pedra_Papel_Tesoura\Jogo_Pedra_Papel_Tesoura.csproj", "{FAE78B7A-E38C-44DE-BD40-1F225C58C9AE}"
EndProject
Global
	GlobalSection(SolutionConfigurationPlatforms) = preSolution
		Debug|Any CPU = Debug|Any CPU
		Release|Any CPU = Release|Any CPU
	EndGlobalSection
	GlobalSection(ProjectConfigurationPlatforms) = postSolution
		{FAE78B7A-E38C-44DE-BD40-1F225C58C9AE}.Debug|Any CPU.ActiveCfg = Debug|Any CPU
		{FAE78B7A-E38C-44DE-BD40-1F225C58C9AE}.Debug|Any CPU.Build.0 = Debug|Any CPU
		{FAE78B7A-E38C-44DE-BD40-1F225C58C9AE}.Release|Any CPU.ActiveCfg = Release|Any CPU
		{FAE78B7A-E38C-44DE-BD40-1F225C58C9AE}.Release|Any CPU.Build.0 = Release|Any CPU
	EndGlobalSection
	GlobalSection(SolutionProperties) = preSolution
		HideSolutionNode = FALSE
	EndGlobalSection
	GlobalSection(ExtensibilityGlobals) = postSolution
		SolutionGuid = {23A50A4F-903C-465B-9A4E-F00CBD2BE0EB}
	EndGlobalSection
EndGlobal
